
Microsoft Visual Studio Solution File, Format Version 12.00
# Visual Studio Version 17
VisualStudioVersion = 17.11.35222.181
MinimumVisualStudioVersion = 10.0.40219.1
Project("{888888A0-9F3D-457C-B088-3A5042F75D52}") = "ZadaniaGitWohoo", "ZadaniaGitWohoo\ZadaniaGitWohoo.pyproj", "{7D459E04-F433-4FC8-AB92-8C8DA8571474}"
EndProject
Global
	GlobalSection(SolutionConfigurationPlatforms) = preSolution
		Debug|Any CPU = Debug|Any CPU
		Release|Any CPU = Release|Any CPU
	EndGlobalSection
	GlobalSection(ProjectConfigurationPlatforms) = postSolution
		{7D459E04-F433-4FC8-AB92-8C8DA8571474}.Debug|Any CPU.ActiveCfg = Debug|Any CPU
		{7D459E04-F433-4FC8-AB92-8C8DA8571474}.Release|Any CPU.ActiveCfg = Release|Any CPU
	EndGlobalSection
	GlobalSection(SolutionProperties) = preSolution
		HideSolutionNode = FALSE
	EndGlobalSection
	GlobalSection(ExtensibilityGlobals) = postSolution
		SolutionGuid = {774EB188-DDDE-489E-B281-1511A92539C0}
	EndGlobalSection
EndGlobal
